
Microsoft Visual Studio Solution File, Format Version 12.00
# Visual Studio Version 16
VisualStudioVersion = 16.0.31129.286
MinimumVisualStudioVersion = 10.0.40219.1
Project("{FAE04EC0-301F-11D3-BF4B-00C04F79EFBC}") = "VS_MergeTest", "VS_MergeTest\VS_MergeTest.csproj", "{53D6279D-626D-48FA-AF21-E8CE85B28176}"
EndProject
Global
	GlobalSection(SolutionConfigurationPlatforms) = preSolution
		Debug|Any CPU = Debug|Any CPU
		Release|Any CPU = Release|Any CPU
	EndGlobalSection
	GlobalSection(ProjectConfigurationPlatforms) = postSolution
		{53D6279D-626D-48FA-AF21-E8CE85B28176}.Debug|Any CPU.ActiveCfg = Debug|Any CPU
		{53D6279D-626D-48FA-AF21-E8CE85B28176}.Debug|Any CPU.Build.0 = Debug|Any CPU
		{53D6279D-626D-48FA-AF21-E8CE85B28176}.Release|Any CPU.ActiveCfg = Release|Any CPU
		{53D6279D-626D-48FA-AF21-E8CE85B28176}.Release|Any CPU.Build.0 = Release|Any CPU
	EndGlobalSection
	GlobalSection(SolutionProperties) = preSolution
		HideSolutionNode = FALSE
	EndGlobalSection
	GlobalSection(ExtensibilityGlobals) = postSolution
		SolutionGuid = {F2A29D2A-4044-4EB7-A30E-9FA9680C2B4A}
	EndGlobalSection
EndGlobal
